
Microsoft Visual Studio Solution File, Format Version 12.00
# Visual Studio 15
VisualStudioVersion = 15.0.28010.2048
MinimumVisualStudioVersion = 10.0.40219.1
Project("{FAE04EC0-301F-11D3-BF4B-00C04F79EFBC}") = "text6", "text6\text6.csproj", "{7A0C70FD-DBC6-4533-895A-94CFF9540B5C}"
EndProject
Global
	GlobalSection(SolutionConfigurationPlatforms) = preSolution
		Debug|Any CPU = Debug|Any CPU
		Release|Any CPU = Release|Any CPU
	EndGlobalSection
	GlobalSection(ProjectConfigurationPlatforms) = postSolution
		{7A0C70FD-DBC6-4533-895A-94CFF9540B5C}.Debug|Any CPU.ActiveCfg = Debug|Any CPU
		{7A0C70FD-DBC6-4533-895A-94CFF9540B5C}.Debug|Any CPU.Build.0 = Debug|Any CPU
		{7A0C70FD-DBC6-4533-895A-94CFF9540B5C}.Release|Any CPU.ActiveCfg = Release|Any CPU
		{7A0C70FD-DBC6-4533-895A-94CFF9540B5C}.Release|Any CPU.Build.0 = Release|Any CPU
	EndGlobalSection
	GlobalSection(SolutionProperties) = preSolution
		HideSolutionNode = FALSE
	EndGlobalSection
	GlobalSection(ExtensibilityGlobals) = postSolution
		SolutionGuid = {5D46DC6D-E48A-4264-A444-9C4E44E533B3}
	EndGlobalSection
EndGlobal
